// !$*UTF8*$!
{
	archiveVersion = 1;
	classes = {
	};
	objectVersion = 56;
	objects = {

/* Begin PBXBuildFile section */
		041FBEE02BC1462900B07D97 /* Landmarks.swift in Sources */ = {isa = PBXBuildFile; fileRef = 041FBEDF2BC1462900B07D97 /* Landmarks.swift */; };
		04401E0C2BBE8E140030212B /* TianHeDocApp.swift in Sources */ = {isa = PBXBuildFile; fileRef = 04401E0B2BBE8E140030212B /* TianHeDocApp.swift */; };
		04401E0E2BBE8E140030212B /* ContentView.swift in Sources */ = {isa = PBXBuildFile; fileRef = 04401E0D2BBE8E140030212B /* ContentView.swift */; };
		04401E102BBE8E160030212B /* Assets.xcassets in Resources */ = {isa = PBXBuildFile; fileRef = 04401E0F2BBE8E160030212B /* Assets.xcassets */; };
		04401E132BBE8E160030212B /* Preview Assets.xcassets in Resources */ = {isa = PBXBuildFile; fileRef = 04401E122BBE8E160030212B /* Preview Assets.xcassets */; };
		04401E1E2BBE8E160030212B /* TianHeDocTests.swift in Sources */ = {isa = PBXBuildFile; fileRef = 04401E1D2BBE8E160030212B /* TianHeDocTests.swift */; };
		04401E282BBE8E160030212B /* TianHeDocUITests.swift in Sources */ = {isa = PBXBuildFile; fileRef = 04401E272BBE8E160030212B /* TianHeDocUITests.swift */; };
		04401E2A2BBE8E160030212B /* TianHeDocUITestsLaunchTests.swift in Sources */ = {isa = PBXBuildFile; fileRef = 04401E292BBE8E160030212B /* TianHeDocUITestsLaunchTests.swift */; };
/* End PBXBuildFile section */

/* Begin PBXContainerItemProxy section */
		04401E1A2BBE8E160030212B /* PBXContainerItemProxy */ = {
			isa = PBXContainerItemProxy;
			containerPortal = 04401E002BBE8E140030212B /* Project object */;
			proxyType = 1;
			remoteGlobalIDString = 04401E072BBE8E140030212B;
			remoteInfo = TianHeDoc;
		};
		04401E242BBE8E160030212B /* PBXContainerItemProxy */ = {
			isa = PBXContainerItemProxy;
			containerPortal = 04401E002BBE8E140030212B /* Project object */;
			proxyType = 1;
			remoteGlobalIDString = 04401E072BBE8E140030212B;
			remoteInfo = TianHeDoc;
		};
/* End PBXContainerItemProxy section */

/* Begin PBXFileReference section */
		041FBEDF2BC1462900B07D97 /* Landmarks.swift */ = {isa = PBXFileReference; lastKnownFileType = sourcecode.swift; path = Landmarks.swift; sourceTree = "<group>"; };
		04401E082BBE8E140030212B /* TianHeDoc.app */ = {isa = PBXFileReference; explicitFileType = wrapper.application; includeInIndex = 0; path = TianHeDoc.app; sourceTree = BUILT_PRODUCTS_DIR; };
		04401E0B2BBE8E140030212B /* TianHeDocApp.swift */ = {isa = PBXFileReference; lastKnownFileType = sourcecode.swift; path = TianHeDocApp.swift; sourceTree = "<group>"; };
		04401E0D2BBE8E140030212B /* ContentView.swift */ = {isa = PBXFileReference; lastKnownFileType = sourcecode.swift; path = ContentView.swift; sourceTree = "<group>"; };
		04401E0F2BBE8E160030212B /* Assets.xcassets */ = {isa = PBXFileReference; lastKnownFileType = folder.assetcatalog; path = Assets.xcassets; sourceTree = "<group>"; };
		04401E122BBE8E160030212B /* Preview Assets.xcassets */ = {isa = PBXFileReference; lastKnownFileType = folder.assetcatalog; path = "Preview Assets.xcassets"; sourceTree = "<group>"; };
		04401E142BBE8E160030212B /* TianHeDoc.entitlements */ = {isa = PBXFileReference; lastKnownFileType = text.plist.entitlements; path = TianHeDoc.entitlements; sourceTree = "<group>"; };
		04401E192BBE8E160030212B /* TianHeDocTests.xctest */ = {isa = PBXFileReference; explicitFileType = wrapper.cfbundle; includeInIndex = 0; path = TianHeDocTests.xctest; sourceTree = BUILT_PRODUCTS_DIR; };
		04401E1D2BBE8E160030212B /* TianHeDocTests.swift */ = {isa = PBXFileReference; lastKnownFileType = sourcecode.swift; path = TianHeDocTests.swift; sourceTree = "<group>"; };
		04401E232BBE8E160030212B /* TianHeDocUITests.xctest */ = {isa = PBXFileReference; explicitFileType = wrapper.cfbundle; includeInIndex = 0; path = TianHeDocUITests.xctest; sourceTree = BUILT_PRODUCTS_DIR; };
		04401E272BBE8E160030212B /* TianHeDocUITests.swift */ = {isa = PBXFileReference; lastKnownFileType = sourcecode.swift; path = TianHeDocUITests.swift; sourceTree = "<group>"; };
		04401E292BBE8E160030212B /* TianHeDocUITestsLaunchTests.swift */ = {isa = PBXFileReference; lastKnownFileType = sourcecode.swift; path = TianHeDocUITestsLaunchTests.swift; sourceTree = "<group>"; };
/* End PBXFileReference section */

/* Begin PBXFrameworksBuildPhase section */
		04401E052BBE8E140030212B /* Frameworks */ = {
			isa = PBXFrameworksBuildPhase;
			buildActionMask = 2147483647;
			files = (
			);
			runOnlyForDeploymentPostprocessing = 0;
		};
		04401E162BBE8E160030212B /* Frameworks */ = {
			isa = PBXFrameworksBuildPhase;
			buildActionMask = 2147483647;
			files = (
			);
			runOnlyForDeploymentPostprocessing = 0;
		};
		04401E202BBE8E160030212B /* Frameworks */ = {
			isa = PBXFrameworksBuildPhase;
			buildActionMask = 2147483647;
			files = (
			);
			runOnlyForDeploymentPostprocessing = 0;
		};
/* End PBXFrameworksBuildPhase section */

/* Begin PBXGroup section */
		04401DFF2BBE8E140030212B = {
			isa = PBXGroup;
			children = (
				04401E0A2BBE8E140030212B /* TianHeDoc */,
				04401E1C2BBE8E160030212B /* TianHeDocTests */,
				04401E262BBE8E160030212B /* TianHeDocUITests */,
				04401E092BBE8E140030212B /* Products */,
			);
			sourceTree = "<group>";
		};
		04401E092BBE8E140030212B /* Products */ = {
			isa = PBXGroup;
			children = (
				04401E082BBE8E140030212B /* TianHeDoc.app */,
				04401E192BBE8E160030212B /* TianHeDocTests.xctest */,
				04401E232BBE8E160030212B /* TianHeDocUITests.xctest */,
			);
			name = Products;
			sourceTree = "<group>";
		};
		04401E0A2BBE8E140030212B /* TianHeDoc */ = {
			isa = PBXGroup;
			children = (
				04401E0B2BBE8E140030212B /* TianHeDocApp.swift */,
				04401E0D2BBE8E140030212B /* ContentView.swift */,
				041FBEDF2BC1462900B07D97 /* Landmarks.swift */,
				04401E0F2BBE8E160030212B /* Assets.xcassets */,
				04401E142BBE8E160030212B /* TianHeDoc.entitlements */,
				04401E112BBE8E160030212B /* Preview Content */,
			);
			path = TianHeDoc;
			sourceTree = "<group>";
		};
		04401E112BBE8E160030212B /* Preview Content */ = {
			isa = PBXGroup;
			children = (
				04401E122BBE8E160030212B /* Preview Assets.xcassets */,
			);
			path = "Preview Content";
			sourceTree = "<group>";
		};
		04401E1C2BBE8E160030212B /* TianHeDocTests */ = {
			isa = PBXGroup;
			children = (
				04401E1D2BBE8E160030212B /* TianHeDocTests.swift */,
			);
			path = TianHeDocTests;
			sourceTree = "<group>";
		};
		04401E262BBE8E160030212B /* TianHeDocUITests */ = {
			isa = PBXGroup;
			children = (
				04401E272BBE8E160030212B /* TianHeDocUITests.swift */,
				04401E292BBE8E160030212B /* TianHeDocUITestsLaunchTests.swift */,
			);
			path = TianHeDocUITests;
			sourceTree = "<group>";
		};
/* End PBXGroup section */

/* Begin PBXNativeTarget section */
		04401E072BBE8E140030212B /* TianHeDoc */ = {
			isa = PBXNativeTarget;
			buildConfigurationList = 04401E2D2BBE8E160030212B /* Build configuration list for PBXNativeTarget "TianHeDoc" */;
			buildPhases = (
				04401E042BBE8E140030212B /* Sources */,
				04401E052BBE8E140030212B /* Frameworks */,
				04401E062BBE8E140030212B /* Resources */,
			);
			buildRules = (
			);
			dependencies = (
			);
			name = TianHeDoc;
			productName = TianHeDoc;
			productReference = 04401E082BBE8E140030212B /* TianHeDoc.app */;
			productType = "com.apple.product-type.application";
		};
		04401E182BBE8E160030212B /* TianHeDocTests */ = {
			isa = PBXNativeTarget;
			buildConfigurationList = 04401E302BBE8E160030212B /* Build configuration list for PBXNativeTarget "TianHeDocTests" */;
			buildPhases = (
				04401E152BBE8E160030212B /* Sources */,
				04401E162BBE8E160030212B /* Frameworks */,
				04401E172BBE8E160030212B /* Resources */,
			);
			buildRules = (
			);
			dependencies = (
				04401E1B2BBE8E160030212B /* PBXTargetDependency */,
			);
			name = TianHeDocTests;
			productName = TianHeDocTests;
			productReference = 04401E192BBE8E160030212B /* TianHeDocTests.xctest */;
			productType = "com.apple.product-type.bundle.unit-test";
		};
		04401E222BBE8E160030212B /* TianHeDocUITests */ = {
			isa = PBXNativeTarget;
			buildConfigurationList = 04401E332BBE8E160030212B /* Build configuration list for PBXNativeTarget "TianHeDocUITests" */;
			buildPhases = (
				04401E1F2BBE8E160030212B /* Sources */,
				04401E202BBE8E160030212B /* Frameworks */,
				04401E212BBE8E160030212B /* Resources */,
			);
			buildRules = (
			);
			dependencies = (
				04401E252BBE8E160030212B /* PBXTargetDependency */,
			);
			name = TianHeDocUITests;
			productName = TianHeDocUITests;
			productReference = 04401E232BBE8E160030212B /* TianHeDocUITests.xctest */;
			productType = "com.apple.product-type.bundle.ui-testing";
		};
/* End PBXNativeTarget section */

/* Begin PBXProject section */
		04401E002BBE8E140030212B /* Project object */ = {
			isa = PBXProject;
			attributes = {
				BuildIndependentTargetsInParallel = 1;
				LastSwiftUpdateCheck = 1520;
				LastUpgradeCheck = 1520;
				TargetAttributes = {
					04401E072BBE8E140030212B = {
						CreatedOnToolsVersion = 15.2;
					};
					04401E182BBE8E160030212B = {
						CreatedOnToolsVersion = 15.2;
						TestTargetID = 04401E072BBE8E140030212B;
					};
					04401E222BBE8E160030212B = {
						CreatedOnToolsVersion = 15.2;
						TestTargetID = 04401E072BBE8E140030212B;
					};
				};
			};
			buildConfigurationList = 04401E032BBE8E140030212B /* Build configuration list for PBXProject "TianHeDoc" */;
			compatibilityVersion = "Xcode 14.0";
			developmentRegion = en;
			hasScannedForEncodings = 0;
			knownRegions = (
				en,
				Base,
			);
			mainGroup = 04401DFF2BBE8E140030212B;
			productRefGroup = 04401E092BBE8E140030212B /* Products */;
			projectDirPath = "";
			projectRoot = "";
			targets = (
				04401E072BBE8E140030212B /* TianHeDoc */,
				04401E182BBE8E160030212B /* TianHeDocTests */,
				04401E222BBE8E160030212B /* TianHeDocUITests */,
			);
		};
/* End PBXProject section */

/* Begin PBXResourcesBuildPhase section */
		04401E062BBE8E140030212B /* Resources */ = {
			isa = PBXResourcesBuildPhase;
			buildActionMask = 2147483647;
			files = (
				04401E132BBE8E160030212B /* Preview Assets.xcassets in Resources */,
				04401E102BBE8E160030212B /* Assets.xcassets in Resources */,
			);
			runOnlyForDeploymentPostprocessing = 0;
		};
		04401E172BBE8E160030212B /* Resources */ = {
			isa = PBXResourcesBuildPhase;
			buildActionMask = 2147483647;
			files = (
			);
			runOnlyForDeploymentPostprocessing = 0;
		};
		04401E212BBE8E160030212B /* Resources */ = {
			isa = PBXResourcesBuildPhase;
			buildActionMask = 2147483647;
			files = (
			);
			runOnlyForDeploymentPostprocessing = 0;
		};
/* End PBXResourcesBuildPhase section */

/* Begin PBXSourcesBuildPhase section */
		04401E042BBE8E140030212B /* Sources */ = {
			isa = PBXSourcesBuildPhase;
			buildActionMask = 2147483647;
			files = (
				04401E0E2BBE8E140030212B /* ContentView.swift in Sources */,
				041FBEE02BC1462900B07D97 /* Landmarks.swift in Sources */,
				04401E0C2BBE8E140030212B /* TianHeDocApp.swift in Sources */,
			);
			runOnlyForDeploymentPostprocessing = 0;
		};
		04401E152BBE8E160030212B /* Sources */ = {
			isa = PBXSourcesBuildPhase;
			buildActionMask = 2147483647;
			files = (
				04401E1E2BBE8E160030212B /* TianHeDocTests.swift in Sources */,
			);
			runOnlyForDeploymentPostprocessing = 0;
		};
		04401E1F2BBE8E160030212B /* Sources */ = {
			isa = PBXSourcesBuildPhase;
			buildActionMask = 2147483647;
			files = (
				04401E2A2BBE8E160030212B /* TianHeDocUITestsLaunchTests.swift in Sources */,
				04401E282BBE8E160030212B /* TianHeDocUITests.swift in Sources */,
			);
			runOnlyForDeploymentPostprocessing = 0;
		};
/* End PBXSourcesBuildPhase section */

/* Begin PBXTargetDependency section */
		04401E1B2BBE8E160030212B /* PBXTargetDependency */ = {
			isa = PBXTargetDependency;
			target = 04401E072BBE8E140030212B /* TianHeDoc */;
			targetProxy = 04401E1A2BBE8E160030212B /* PBXContainerItemProxy */;
		};
		04401E252BBE8E160030212B /* PBXTargetDependency */ = {
			isa = PBXTargetDependency;
			target = 04401E072BBE8E140030212B /* TianHeDoc */;
			targetProxy = 04401E242BBE8E160030212B /* PBXContainerItemProxy */;
		};
/* End PBXTargetDependency section */

/* Begin XCBuildConfiguration section */
		04401E2B2BBE8E160030212B /* Debug */ = {
			isa = XCBuildConfiguration;
			buildSettings = {
				ALWAYS_SEARCH_USER_PATHS = NO;
				ASSETCATALOG_COMPILER_GENERATE_SWIFT_ASSET_SYMBOL_EXTENSIONS = YES;
				CLANG_ANALYZER_NONNULL = YES;
				CLANG_ANALYZER_NUMBER_OBJECT_CONVERSION = YES_AGGRESSIVE;
				CLANG_CXX_LANGUAGE_STANDARD = "gnu++20";
				CLANG_ENABLE_MODULES = YES;
				CLANG_ENABLE_OBJC_ARC = YES;
				CLANG_ENABLE_OBJC_WEAK = YES;
				CLANG_WARN_BLOCK_CAPTURE_AUTORELEASING = YES;
				CLANG_WARN_BOOL_CONVERSION = YES;
				CLANG_WARN_COMMA = YES;
				CLANG_WARN_CONSTANT_CONVERSION = YES;
				CLANG_WARN_DEPRECATED_OBJC_IMPLEMENTATIONS = YES;
				CLANG_WARN_DIRECT_OBJC_ISA_USAGE = YES_ERROR;
				CLANG_WARN_DOCUMENTATION_COMMENTS = YES;
				CLANG_WARN_EMPTY_BODY = YES;
				CLANG_WARN_ENUM_CONVERSION = YES;
				CLANG_WARN_INFINITE_RECURSION = YES;
				CLANG_WARN_INT_CONVERSION = YES;
				CLANG_WARN_NON_LITERAL_NULL_CONVERSION = YES;
				CLANG_WARN_OBJC_IMPLICIT_RETAIN_SELF = YES;
				CLANG_WARN_OBJC_LITERAL_CONVERSION = YES;
				CLANG_WARN_OBJC_ROOT_CLASS = YES_ERROR;
				CLANG_WARN_QUOTED_INCLUDE_IN_FRAMEWORK_HEADER = YES;
				CLANG_WARN_RANGE_LOOP_ANALYSIS = YES;
				CLANG_WARN_STRICT_PROTOTYPES = YES;
				CLANG_WARN_SUSPICIOUS_MOVE = YES;
				CLANG_WARN_UNGUARDED_AVAILABILITY = YES_AGGRESSIVE;
				CLANG_WARN_UNREACHABLE_CODE = YES;
				CLANG_WARN__DUPLICATE_METHOD_MATCH = YES;
				COPY_PHASE_STRIP = NO;
				DEBUG_INFORMATION_FORMAT = dwarf;
				ENABLE_STRICT_OBJC_MSGSEND = YES;
				ENABLE_TESTABILITY = YES;
				ENABLE_USER_SCRIPT_SANDBOXING = YES;
				GCC_C_LANGUAGE_STANDARD = gnu17;
				GCC_DYNAMIC_NO_PIC = NO;
				GCC_NO_COMMON_BLOCKS = YES;
				GCC_OPTIMIZATION_LEVEL = 0;
				GCC_PREPROCESSOR_DEFINITIONS = (
					"DEBUG=1",
					"$(inherited)",
				);
				GCC_WARN_64_TO_32_BIT_CONVERSION = YES;
				GCC_WARN_ABOUT_RETURN_TYPE = YES_ERROR;
				GCC_WARN_UNDECLARED_SELECTOR = YES;
				GCC_WARN_UNINITIALIZED_AUTOS = YES_AGGRESSIVE;
				GCC_WARN_UNUSED_FUNCTION = YES;
				GCC_WARN_UNUSED_VARIABLE = YES;
				LOCALIZATION_PREFERS_STRING_CATALOGS = YES;
				MACOSX_DEPLOYMENT_TARGET = 14.2;
				MTL_ENABLE_DEBUG_INFO = INCLUDE_SOURCE;
				MTL_FAST_MATH = YES;
				ONLY_ACTIVE_ARCH = YES;
				SDKROOT = macosx;
				SWIFT_ACTIVE_COMPILATION_CONDITIONS = "DEBUG $(inherited)";
				SWIFT_OPTIMIZATION_LEVEL = "-Onone";
			};
			name = Debug;
		};
		04401E2C2BBE8E160030212B /* Release */ = {
			isa = XCBuildConfiguration;
			buildSettings = {
				ALWAYS_SEARCH_USER_PATHS = NO;
				ASSETCATALOG_COMPILER_GENERATE_SWIFT_ASSET_SYMBOL_EXTENSIONS = YES;
				CLANG_ANALYZER_NONNULL = YES;
				CLANG_ANALYZER_NUMBER_OBJECT_CONVERSION = YES_AGGRESSIVE;
				CLANG_CXX_LANGUAGE_STANDARD = "gnu++20";
				CLANG_ENABLE_MODULES = YES;
				CLANG_ENABLE_OBJC_ARC = YES;
				CLANG_ENABLE_OBJC_WEAK = YES;
				CLANG_WARN_BLOCK_CAPTURE_AUTORELEASING = YES;
				CLANG_WARN_BOOL_CONVERSION = YES;
				CLANG_WARN_COMMA = YES;
				CLANG_WARN_CONSTANT_CONVERSION = YES;
				CLANG_WARN_DEPRECATED_OBJC_IMPLEMENTATIONS = YES;
				CLANG_WARN_DIRECT_OBJC_ISA_USAGE = YES_ERROR;
				CLANG_WARN_DOCUMENTATION_COMMENTS = YES;
				CLANG_WARN_EMPTY_BODY = YES;
				CLANG_WARN_ENUM_CONVERSION = YES;
				CLANG_WARN_INFINITE_RECURSION = YES;
				CLANG_WARN_INT_CONVERSION = YES;
				CLANG_WARN_NON_LITERAL_NULL_CONVERSION = YES;
				CLANG_WARN_OBJC_IMPLICIT_RETAIN_SELF = YES;
				CLANG_WARN_OBJC_LITERAL_CONVERSION = YES;
				CLANG_WARN_OBJC_ROOT_CLASS = YES_ERROR;
				CLANG_WARN_QUOTED_INCLUDE_IN_FRAMEWORK_HEADER = YES;
				CLANG_WARN_RANGE_LOOP_ANALYSIS = YES;
				CLANG_WARN_STRICT_PROTOTYPES = YES;
				CLANG_WARN_SUSPICIOUS_MOVE = YES;
				CLANG_WARN_UNGUARDED_AVAILABILITY = YES_AGGRESSIVE;
				CLANG_WARN_UNREACHABLE_CODE = YES;
				CLANG_WARN__DUPLICATE_METHOD_MATCH = YES;
				COPY_PHASE_STRIP = NO;
				DEBUG_INFORMATION_FORMAT = "dwarf-with-dsym";
				ENABLE_NS_ASSERTIONS = NO;
				ENABLE_STRICT_OBJC_MSGSEND = YES;
				ENABLE_USER_SCRIPT_SANDBOXING = YES;
				GCC_C_LANGUAGE_STANDARD = gnu17;
				GCC_NO_COMMON_BLOCKS = YES;
				GCC_WARN_64_TO_32_BIT_CONVERSION = YES;
				GCC_WARN_ABOUT_RETURN_TYPE = YES_ERROR;
				GCC_WARN_UNDECLARED_SELECTOR = YES;
				GCC_WARN_UNINITIALIZED_AUTOS = YES_AGGRESSIVE;
				GCC_WARN_UNUSED_FUNCTION = YES;
				GCC_WARN_UNUSED_VARIABLE = YES;
				LOCALIZATION_PREFERS_STRING_CATALOGS = YES;
				MACOSX_DEPLOYMENT_TARGET = 14.2;
				MTL_ENABLE_DEBUG_INFO = NO;
				MTL_FAST_MATH = YES;
				SDKROOT = macosx;
				SWIFT_COMPILATION_MODE = wholemodule;
			};
			name = Release;
		};
		04401E2E2BBE8E160030212B /* Debug */ = {
			isa = XCBuildConfiguration;
			buildSettings = {
				ASSETCATALOG_COMPILER_APPICON_NAME = AppIcon;
				ASSETCATALOG_COMPILER_GLOBAL_ACCENT_COLOR_NAME = AccentColor;
				CODE_SIGN_ENTITLEMENTS = TianHeDoc/TianHeDoc.entitlements;
				CODE_SIGN_STYLE = Automatic;
				COMBINE_HIDPI_IMAGES = YES;
				CURRENT_PROJECT_VERSION = 1;
				DEVELOPMENT_ASSET_PATHS = "\"TianHeDoc/Preview Content\"";
				ENABLE_PREVIEWS = YES;
				GENERATE_INFOPLIST_FILE = YES;
				INFOPLIST_KEY_NSHumanReadableCopyright = "";
				LD_RUNPATH_SEARCH_PATHS = (
					"$(inherited)",
					"@executable_path/../Frameworks",
				);
				MARKETING_VERSION = 1.0;
				PRODUCT_BUNDLE_IDENTIFIER = JMMMCode.TianHeDoc;
				PRODUCT_NAME = "$(TARGET_NAME)";
				SWIFT_EMIT_LOC_STRINGS = YES;
				SWIFT_VERSION = 5.0;
			};
			name = Debug;
		};
		04401E2F2BBE8E160030212B /* Release */ = {
			isa = XCBuildConfiguration;
			buildSettings = {
				ASSETCATALOG_COMPILER_APPICON_NAME = AppIcon;
				ASSETCATALOG_COMPILER_GLOBAL_ACCENT_COLOR_NAME = AccentColor;
				CODE_SIGN_ENTITLEMENTS = TianHeDoc/TianHeDoc.entitlements;
				CODE_SIGN_STYLE = Automatic;
				COMBINE_HIDPI_IMAGES = YES;
				CURRENT_PROJECT_VERSION = 1;
				DEVELOPMENT_ASSET_PATHS = "\"TianHeDoc/Preview Content\"";
				ENABLE_PREVIEWS = YES;
				GENERATE_INFOPLIST_FILE = YES;
				INFOPLIST_KEY_NSHumanReadableCopyright = "";
				LD_RUNPATH_SEARCH_PATHS = (
					"$(inherited)",
					"@executable_path/../Frameworks",
				);
				MARKETING_VERSION = 1.0;
				PRODUCT_BUNDLE_IDENTIFIER = JMMMCode.TianHeDoc;
				PRODUCT_NAME = "$(TARGET_NAME)";
				SWIFT_EMIT_LOC_STRINGS = YES;
				SWIFT_VERSION = 5.0;
			};
			name = Release;
		};
		04401E312BBE8E160030212B /* Debug */ = {
			isa = XCBuildConfiguration;
			buildSettings = {
				ALWAYS_EMBED_SWIFT_STANDARD_LIBRARIES = YES;
				BUNDLE_LOADER = "$(TEST_HOST)";
				CODE_SIGN_STYLE = Automatic;
				CURRENT_PROJECT_VERSION = 1;
				GENERATE_INFOPLIST_FILE = YES;
				MACOSX_DEPLOYMENT_TARGET = 14.2;
				MARKETING_VERSION = 1.0;
				PRODUCT_BUNDLE_IDENTIFIER = JMMMCode.TianHeDocTests;
				PRODUCT_NAME = "$(TARGET_NAME)";
				SWIFT_EMIT_LOC_STRINGS = NO;
				SWIFT_VERSION = 5.0;
				TEST_HOST = "$(BUILT_PRODUCTS_DIR)/TianHeDoc.app/$(BUNDLE_EXECUTABLE_FOLDER_PATH)/TianHeDoc";
			};
			name = Debug;
		};
		04401E322BBE8E160030212B /* Release */ = {
			isa = XCBuildConfiguration;
			buildSettings = {
				ALWAYS_EMBED_SWIFT_STANDARD_LIBRARIES = YES;
				BUNDLE_LOADER = "$(TEST_HOST)";
				CODE_SIGN_STYLE = Automatic;
				CURRENT_PROJECT_VERSION = 1;
				GENERATE_INFOPLIST_FILE = YES;
				MACOSX_DEPLOYMENT_TARGET = 14.2;
				MARKETING_VERSION = 1.0;
				PRODUCT_BUNDLE_IDENTIFIER = JMMMCode.TianHeDocTests;
				PRODUCT_NAME = "$(TARGET_NAME)";
				SWIFT_EMIT_LOC_STRINGS = NO;
				SWIFT_VERSION = 5.0;
				TEST_HOST = "$(BUILT_PRODUCTS_DIR)/TianHeDoc.app/$(BUNDLE_EXECUTABLE_FOLDER_PATH)/TianHeDoc";
			};
			name = Release;
		};
		04401E342BBE8E160030212B /* Debug */ = {
			isa = XCBuildConfiguration;
			buildSettings = {
				ALWAYS_EMBED_SWIFT_STANDARD_LIBRARIES = YES;
				CODE_SIGN_STYLE = Automatic;
				CURRENT_PROJECT_VERSION = 1;
				GENERATE_INFOPLIST_FILE = YES;
				MARKETING_VERSION = 1.0;
				PRODUCT_BUNDLE_IDENTIFIER = JMMMCode.TianHeDocUITests;
				PRODUCT_NAME = "$(TARGET_NAME)";
				SWIFT_EMIT_LOC_STRINGS = NO;
				SWIFT_VERSION = 5.0;
				TEST_TARGET_NAME = TianHeDoc;
			};
			name = Debug;
		};
		04401E352BBE8E160030212B /* Release */ = {
			isa = XCBuildConfiguration;
			buildSettings = {
				ALWAYS_EMBED_SWIFT_STANDARD_LIBRARIES = YES;
				CODE_SIGN_STYLE = Automatic;
				CURRENT_PROJECT_VERSION = 1;
				GENERATE_INFOPLIST_FILE = YES;
				MARKETING_VERSION = 1.0;
				PRODUCT_BUNDLE_IDENTIFIER = JMMMCode.TianHeDocUITests;
				PRODUCT_NAME = "$(TARGET_NAME)";
				SWIFT_EMIT_LOC_STRINGS = NO;
				SWIFT_VERSION = 5.0;
				TEST_TARGET_NAME = TianHeDoc;
			};
			name = Release;
		};
/* End XCBuildConfiguration section */

/* Begin XCConfigurationList section */
		04401E032BBE8E140030212B /* Build configuration list for PBXProject "TianHeDoc" */ = {
			isa = XCConfigurationList;
			buildConfigurations = (
				04401E2B2BBE8E160030212B /* Debug */,
				04401E2C2BBE8E160030212B /* Release */,
			);
			defaultConfigurationIsVisible = 0;
			defaultConfigurationName = Release;
		};
		04401E2D2BBE8E160030212B /* Build configuration list for PBXNativeTarget "TianHeDoc" */ = {
			isa = XCConfigurationList;
			buildConfigurations = (
				04401E2E2BBE8E160030212B /* Debug */,
				04401E2F2BBE8E160030212B /* Release */,
			);
			defaultConfigurationIsVisible = 0;
			defaultConfigurationName = Release;
		};
		04401E302BBE8E160030212B /* Build configuration list for PBXNativeTarget "TianHeDocTests" */ = {
			isa = XCConfigurationList;
			buildConfigurations = (
				04401E312BBE8E160030212B /* Debug */,
				04401E322BBE8E160030212B /* Release */,
			);
			defaultConfigurationIsVisible = 0;
			defaultConfigurationName = Release;
		};
		04401E332BBE8E160030212B /* Build configuration list for PBXNativeTarget "TianHeDocUITests" */ = {
			isa = XCConfigurationList;
			buildConfigurations = (
				04401E342BBE8E160030212B /* Debug */,
				04401E352BBE8E160030212B /* Release */,
			);
			defaultConfigurationIsVisible = 0;
			defaultConfigurationName = Release;
		};
/* End XCConfigurationList section */
	};
	rootObject = 04401E002BBE8E140030212B /* Project object */;
}
